
Microsoft Visual Studio Solution File, Format Version 12.00
# Visual Studio 15
VisualStudioVersion = 15.0.27004.2010
MinimumVisualStudioVersion = 10.0.40219.1
Project("{FAE04EC0-301F-11D3-BF4B-00C04F79EFBC}") = "u2_books", "u2_books\u2_books.csproj", "{D367603D-6554-4A05-B9DB-CEE0DE71286F}"
EndProject
Project("{FAE04EC0-301F-11D3-BF4B-00C04F79EFBC}") = "u2_books.shared", "u2_books.shared\u2_books.shared.csproj", "{25D19FCA-1807-421F-A933-6FBCD8B53B4E}"
EndProject
Project("{FAE04EC0-301F-11D3-BF4B-00C04F79EFBC}") = "u2books.uoclient", "u2books.uoclient\u2books.uoclient.csproj", "{288A741B-3C4A-46EF-87D8-DC19E80C3AA0}"
EndProject
Project("{FAE04EC0-301F-11D3-BF4B-00C04F79EFBC}") = "u2_books.model", "u2_books.model\u2_books.model.csproj", "{9276372E-E67F-47DB-BF28-6B74170D2A5C}"
EndProject
Global
	GlobalSection(SolutionConfigurationPlatforms) = preSolution
		Debug|Any CPU = Debug|Any CPU
		Release|Any CPU = Release|Any CPU
	EndGlobalSection
	GlobalSection(ProjectConfigurationPlatforms) = postSolution
		{D367603D-6554-4A05-B9DB-CEE0DE71286F}.Debug|Any CPU.ActiveCfg = Debug|Any CPU
		{D367603D-6554-4A05-B9DB-CEE0DE71286F}.Debug|Any CPU.Build.0 = Debug|Any CPU
		{D367603D-6554-4A05-B9DB-CEE0DE71286F}.Release|Any CPU.ActiveCfg = Release|Any CPU
		{D367603D-6554-4A05-B9DB-CEE0DE71286F}.Release|Any CPU.Build.0 = Release|Any CPU
		{25D19FCA-1807-421F-A933-6FBCD8B53B4E}.Debug|Any CPU.ActiveCfg = Debug|Any CPU
		{25D19FCA-1807-421F-A933-6FBCD8B53B4E}.Debug|Any CPU.Build.0 = Debug|Any CPU
		{25D19FCA-1807-421F-A933-6FBCD8B53B4E}.Release|Any CPU.ActiveCfg = Release|Any CPU
		{25D19FCA-1807-421F-A933-6FBCD8B53B4E}.Release|Any CPU.Build.0 = Release|Any CPU
		{288A741B-3C4A-46EF-87D8-DC19E80C3AA0}.Debug|Any CPU.ActiveCfg = Debug|Any CPU
		{288A741B-3C4A-46EF-87D8-DC19E80C3AA0}.Debug|Any CPU.Build.0 = Debug|Any CPU
		{288A741B-3C4A-46EF-87D8-DC19E80C3AA0}.Release|Any CPU.ActiveCfg = Release|Any CPU
		{288A741B-3C4A-46EF-87D8-DC19E80C3AA0}.Release|Any CPU.Build.0 = Release|Any CPU
		{9276372E-E67F-47DB-BF28-6B74170D2A5C}.Debug|Any CPU.ActiveCfg = Debug|Any CPU
		{9276372E-E67F-47DB-BF28-6B74170D2A5C}.Debug|Any CPU.Build.0 = Debug|Any CPU
		{9276372E-E67F-47DB-BF28-6B74170D2A5C}.Release|Any CPU.ActiveCfg = Release|Any CPU
		{9276372E-E67F-47DB-BF28-6B74170D2A5C}.Release|Any CPU.Build.0 = Release|Any CPU
	EndGlobalSection
	GlobalSection(SolutionProperties) = preSolution
		HideSolutionNode = FALSE
	EndGlobalSection
	GlobalSection(ExtensibilityGlobals) = postSolution
		SolutionGuid = {6E3F1EB9-5780-4DD7-9B94-79E22112AEA7}
	EndGlobalSection
EndGlobal
